
Microsoft Visual Studio Solution File, Format Version 12.00
# Visual Studio 15
VisualStudioVersion = 15.0.27428.2002
MinimumVisualStudioVersion = 10.0.40219.1
Project("{FAE04EC0-301F-11D3-BF4B-00C04F79EFBC}") = "Australia Scanner", "Australia Scanner\Australia Scanner.csproj", "{6730C043-8746-4EEE-82AC-3C983720A872}"
EndProject
Global
	GlobalSection(SolutionConfigurationPlatforms) = preSolution
		Debug|Any CPU = Debug|Any CPU
		Release|Any CPU = Release|Any CPU
	EndGlobalSection
	GlobalSection(ProjectConfigurationPlatforms) = postSolution
		{6730C043-8746-4EEE-82AC-3C983720A872}.Debug|Any CPU.ActiveCfg = Debug|Any CPU
		{6730C043-8746-4EEE-82AC-3C983720A872}.Debug|Any CPU.Build.0 = Debug|Any CPU
		{6730C043-8746-4EEE-82AC-3C983720A872}.Release|Any CPU.ActiveCfg = Release|Any CPU
		{6730C043-8746-4EEE-82AC-3C983720A872}.Release|Any CPU.Build.0 = Release|Any CPU
	EndGlobalSection
	GlobalSection(SolutionProperties) = preSolution
		HideSolutionNode = FALSE
	EndGlobalSection
	GlobalSection(ExtensibilityGlobals) = postSolution
		SolutionGuid = {37A3BCBC-1842-44EF-95ED-844DB989A3DB}
	EndGlobalSection
EndGlobal
